// !$*UTF8*$!
{
	archiveVersion = 1;
	classes = {
	};
	objectVersion = 50;
	objects = {

/* Begin PBXBuildFile section */
		7F496FB421E0D60300BE50C2 /* favoriteMovies.swift in Sources */ = {isa = PBXBuildFile; fileRef = 7F496FB321E0D60300BE50C2 /* favoriteMovies.swift */; };
		7F496FB621E106F000BE50C2 /* FavoriteMoviesTVC.swift in Sources */ = {isa = PBXBuildFile; fileRef = 7F496FB521E106F000BE50C2 /* FavoriteMoviesTVC.swift */; };
		7F496FB921E1256500BE50C2 /* MyFavoriteMovies.xcdatamodeld in Sources */ = {isa = PBXBuildFile; fileRef = 7F496FB721E1256500BE50C2 /* MyFavoriteMovies.xcdatamodeld */; };
		7F9414A021DE4E6E00F0EF50 /* AppDelegate.swift in Sources */ = {isa = PBXBuildFile; fileRef = 7F94149F21DE4E6E00F0EF50 /* AppDelegate.swift */; };
		7F9414A521DE4E6E00F0EF50 /* Main.storyboard in Resources */ = {isa = PBXBuildFile; fileRef = 7F9414A321DE4E6E00F0EF50 /* Main.storyboard */; };
		7F9414A721DE4E6F00F0EF50 /* Assets.xcassets in Resources */ = {isa = PBXBuildFile; fileRef = 7F9414A621DE4E6F00F0EF50 /* Assets.xcassets */; };
		7F9414AA21DE4E6F00F0EF50 /* LaunchScreen.storyboard in Resources */ = {isa = PBXBuildFile; fileRef = 7F9414A821DE4E6F00F0EF50 /* LaunchScreen.storyboard */; };
		7F9414B221DE502500F0EF50 /* ShowMoviesVC.swift in Sources */ = {isa = PBXBuildFile; fileRef = 7F9414B121DE502500F0EF50 /* ShowMoviesVC.swift */; };
		7FC6655221DF59230042D424 /* MovieTVC.swift in Sources */ = {isa = PBXBuildFile; fileRef = 7FC6655121DF59230042D424 /* MovieTVC.swift */; };
		7FCFECC421E0AE6E009CA6C8 /* SingleMovieVC.swift in Sources */ = {isa = PBXBuildFile; fileRef = 7FCFECC321E0AE6E009CA6C8 /* SingleMovieVC.swift */; };
		8D351107FC00D03042DF3859 /* Pods_ShowMovies.framework in Frameworks */ = {isa = PBXBuildFile; fileRef = 8A91C85407D49D052588773C /* Pods_ShowMovies.framework */; };
/* End PBXBuildFile section */

/* Begin PBXFileReference section */
		7F496FB321E0D60300BE50C2 /* favoriteMovies.swift */ = {isa = PBXFileReference; lastKnownFileType = sourcecode.swift; path = favoriteMovies.swift; sourceTree = "<group>"; };
		7F496FB521E106F000BE50C2 /* FavoriteMoviesTVC.swift */ = {isa = PBXFileReference; lastKnownFileType = sourcecode.swift; path = FavoriteMoviesTVC.swift; sourceTree = "<group>"; };
		7F496FB821E1256500BE50C2 /* MyFavoriteMovies.xcdatamodel */ = {isa = PBXFileReference; lastKnownFileType = wrapper.xcdatamodel; path = MyFavoriteMovies.xcdatamodel; sourceTree = "<group>"; };
		7F94149C21DE4E6E00F0EF50 /* ShowMovies.app */ = {isa = PBXFileReference; explicitFileType = wrapper.application; includeInIndex = 0; path = ShowMovies.app; sourceTree = BUILT_PRODUCTS_DIR; };
		7F94149F21DE4E6E00F0EF50 /* AppDelegate.swift */ = {isa = PBXFileReference; lastKnownFileType = sourcecode.swift; path = AppDelegate.swift; sourceTree = "<group>"; };
		7F9414A421DE4E6E00F0EF50 /* Base */ = {isa = PBXFileReference; lastKnownFileType = file.storyboard; name = Base; path = Base.lproj/Main.storyboard; sourceTree = "<group>"; };
		7F9414A621DE4E6F00F0EF50 /* Assets.xcassets */ = {isa = PBXFileReference; lastKnownFileType = folder.assetcatalog; path = Assets.xcassets; sourceTree = "<group>"; };
		7F9414A921DE4E6F00F0EF50 /* Base */ = {isa = PBXFileReference; lastKnownFileType = file.storyboard; name = Base; path = Base.lproj/LaunchScreen.storyboard; sourceTree = "<group>"; };
		7F9414AB21DE4E6F00F0EF50 /* Info.plist */ = {isa = PBXFileReference; lastKnownFileType = text.plist.xml; path = Info.plist; sourceTree = "<group>"; };
		7F9414B121DE502500F0EF50 /* ShowMoviesVC.swift */ = {isa = PBXFileReference; lastKnownFileType = sourcecode.swift; path = ShowMoviesVC.swift; sourceTree = "<group>"; };
		7FC6655121DF59230042D424 /* MovieTVC.swift */ = {isa = PBXFileReference; lastKnownFileType = sourcecode.swift; path = MovieTVC.swift; sourceTree = "<group>"; };
		7FCFECC321E0AE6E009CA6C8 /* SingleMovieVC.swift */ = {isa = PBXFileReference; lastKnownFileType = sourcecode.swift; path = SingleMovieVC.swift; sourceTree = "<group>"; };
		8A91C85407D49D052588773C /* Pods_ShowMovies.framework */ = {isa = PBXFileReference; explicitFileType = wrapper.framework; includeInIndex = 0; path = Pods_ShowMovies.framework; sourceTree = BUILT_PRODUCTS_DIR; };
		A1AD4CB6CDF09A58778FFEA8 /* Pods-ShowMovies.release.xcconfig */ = {isa = PBXFileReference; includeInIndex = 1; lastKnownFileType = text.xcconfig; name = "Pods-ShowMovies.release.xcconfig"; path = "Pods/Target Support Files/Pods-ShowMovies/Pods-ShowMovies.release.xcconfig"; sourceTree = "<group>"; };
		E5F2FCD08DEDFD33968CD161 /* Pods-ShowMovies.debug.xcconfig */ = {isa = PBXFileReference; includeInIndex = 1; lastKnownFileType = text.xcconfig; name = "Pods-ShowMovies.debug.xcconfig"; path = "Pods/Target Support Files/Pods-ShowMovies/Pods-ShowMovies.debug.xcconfig"; sourceTree = "<group>"; };
/* End PBXFileReference section */

/* Begin PBXFrameworksBuildPhase section */
		7F94149921DE4E6D00F0EF50 /* Frameworks */ = {
			isa = PBXFrameworksBuildPhase;
			buildActionMask = 2147483647;
			files = (
				8D351107FC00D03042DF3859 /* Pods_ShowMovies.framework in Frameworks */,
			);
			runOnlyForDeploymentPostprocessing = 0;
		};
/* End PBXFrameworksBuildPhase section */

/* Begin PBXGroup section */
		0E69D307A34A6BCBD9F45256 /* Pods */ = {
			isa = PBXGroup;
			children = (
				E5F2FCD08DEDFD33968CD161 /* Pods-ShowMovies.debug.xcconfig */,
				A1AD4CB6CDF09A58778FFEA8 /* Pods-ShowMovies.release.xcconfig */,
			);
			name = Pods;
			sourceTree = "<group>";
		};
		7F496FBA21E1341500BE50C2 /* Model */ = {
			isa = PBXGroup;
			children = (
				7F496FB721E1256500BE50C2 /* MyFavoriteMovies.xcdatamodeld */,
			);
			path = Model;
			sourceTree = "<group>";
		};
		7F94149321DE4E6D00F0EF50 = {
			isa = PBXGroup;
			children = (
				7F94149E21DE4E6E00F0EF50 /* ShowMovies */,
				7F94149D21DE4E6E00F0EF50 /* Products */,
				0E69D307A34A6BCBD9F45256 /* Pods */,
				D4F0957A08205B5D419578B5 /* Frameworks */,
			);
			sourceTree = "<group>";
		};
		7F94149D21DE4E6E00F0EF50 /* Products */ = {
			isa = PBXGroup;
			children = (
				7F94149C21DE4E6E00F0EF50 /* ShowMovies.app */,
			);
			name = Products;
			sourceTree = "<group>";
		};
		7F94149E21DE4E6E00F0EF50 /* ShowMovies */ = {
			isa = PBXGroup;
			children = (
				7F496FBA21E1341500BE50C2 /* Model */,
				7FF225F321DF83CE00E15CBA /* View */,
				7FF225F221DF83B700E15CBA /* Controller */,
				7F94149F21DE4E6E00F0EF50 /* AppDelegate.swift */,
				7F9414A321DE4E6E00F0EF50 /* Main.storyboard */,
				7F9414A621DE4E6F00F0EF50 /* Assets.xcassets */,
				7F9414A821DE4E6F00F0EF50 /* LaunchScreen.storyboard */,
				7F9414AB21DE4E6F00F0EF50 /* Info.plist */,
			);
			path = ShowMovies;
			sourceTree = "<group>";
		};
		7FF225F221DF83B700E15CBA /* Controller */ = {
			isa = PBXGroup;
			children = (
				7F9414B121DE502500F0EF50 /* ShowMoviesVC.swift */,
				7FCFECC321E0AE6E009CA6C8 /* SingleMovieVC.swift */,
				7F496FB321E0D60300BE50C2 /* favoriteMovies.swift */,
			);
			path = Controller;
			sourceTree = "<group>";
		};
		7FF225F321DF83CE00E15CBA /* View */ = {
			isa = PBXGroup;
			children = (
				7FC6655121DF59230042D424 /* MovieTVC.swift */,
				7F496FB521E106F000BE50C2 /* FavoriteMoviesTVC.swift */,
			);
			path = View;
			sourceTree = "<group>";
		};
		D4F0957A08205B5D419578B5 /* Frameworks */ = {
			isa = PBXGroup;
			children = (
				8A91C85407D49D052588773C /* Pods_ShowMovies.framework */,
			);
			name = Frameworks;
			sourceTree = "<group>";
		};
/* End PBXGroup section */

/* Begin PBXNativeTarget section */
		7F94149B21DE4E6D00F0EF50 /* ShowMovies */ = {
			isa = PBXNativeTarget;
			buildConfigurationList = 7F9414AE21DE4E6F00F0EF50 /* Build configuration list for PBXNativeTarget "ShowMovies" */;
			buildPhases = (
				4DA19E13D4CB7EE0B86E7176 /* [CP] Check Pods Manifest.lock */,
				7F94149821DE4E6D00F0EF50 /* Sources */,
				7F94149921DE4E6D00F0EF50 /* Frameworks */,
				7F94149A21DE4E6D00F0EF50 /* Resources */,
				1E9C689ACDD4053D90647238 /* [CP] Embed Pods Frameworks */,
			);
			buildRules = (
			);
			dependencies = (
			);
			name = ShowMovies;
			productName = ShowMovies;
			productReference = 7F94149C21DE4E6E00F0EF50 /* ShowMovies.app */;
			productType = "com.apple.product-type.application";
		};
/* End PBXNativeTarget section */

/* Begin PBXProject section */
		7F94149421DE4E6D00F0EF50 /* Project object */ = {
			isa = PBXProject;
			attributes = {
				LastSwiftUpdateCheck = 0940;
				LastUpgradeCheck = 0940;
				ORGANIZATIONNAME = Gharib;
				TargetAttributes = {
					7F94149B21DE4E6D00F0EF50 = {
						CreatedOnToolsVersion = 9.4.1;
					};
				};
			};
			buildConfigurationList = 7F94149721DE4E6D00F0EF50 /* Build configuration list for PBXProject "ShowMovies" */;
			compatibilityVersion = "Xcode 9.3";
			developmentRegion = en;
			hasScannedForEncodings = 0;
			knownRegions = (
				en,
				Base,
			);
			mainGroup = 7F94149321DE4E6D00F0EF50;
			productRefGroup = 7F94149D21DE4E6E00F0EF50 /* Products */;
			projectDirPath = "";
			projectRoot = "";
			targets = (
				7F94149B21DE4E6D00F0EF50 /* ShowMovies */,
			);
		};
/* End PBXProject section */

/* Begin PBXResourcesBuildPhase section */
		7F94149A21DE4E6D00F0EF50 /* Resources */ = {
			isa = PBXResourcesBuildPhase;
			buildActionMask = 2147483647;
			files = (
				7F9414AA21DE4E6F00F0EF50 /* LaunchScreen.storyboard in Resources */,
				7F9414A721DE4E6F00F0EF50 /* Assets.xcassets in Resources */,
				7F9414A521DE4E6E00F0EF50 /* Main.storyboard in Resources */,
			);
			runOnlyForDeploymentPostprocessing = 0;
		};
/* End PBXResourcesBuildPhase section */

/* Begin PBXShellScriptBuildPhase section */
		1E9C689ACDD4053D90647238 /* [CP] Embed Pods Frameworks */ = {
			isa = PBXShellScriptBuildPhase;
			buildActionMask = 2147483647;
			files = (
			);
			inputPaths = (
				"${SRCROOT}/Pods/Target Support Files/Pods-ShowMovies/Pods-ShowMovies-frameworks.sh",
				"${BUILT_PRODUCTS_DIR}/Alamofire/Alamofire.framework",
				"${BUILT_PRODUCTS_DIR}/AlamofireImage/AlamofireImage.framework",
			);
			name = "[CP] Embed Pods Frameworks";
			outputPaths = (
				"${TARGET_BUILD_DIR}/${FRAMEWORKS_FOLDER_PATH}/Alamofire.framework",
				"${TARGET_BUILD_DIR}/${FRAMEWORKS_FOLDER_PATH}/AlamofireImage.framework",
			);
			runOnlyForDeploymentPostprocessing = 0;
			shellPath = /bin/sh;
			shellScript = "\"${SRCROOT}/Pods/Target Support Files/Pods-ShowMovies/Pods-ShowMovies-frameworks.sh\"\n";
			showEnvVarsInLog = 0;
		};
		4DA19E13D4CB7EE0B86E7176 /* [CP] Check Pods Manifest.lock */ = {
			isa = PBXShellScriptBuildPhase;
			buildActionMask = 2147483647;
			files = (
			);
			inputPaths = (
				"${PODS_PODFILE_DIR_PATH}/Podfile.lock",
				"${PODS_ROOT}/Manifest.lock",
			);
			name = "[CP] Check Pods Manifest.lock";
			outputPaths = (
				"$(DERIVED_FILE_DIR)/Pods-ShowMovies-checkManifestLockResult.txt",
			);
			runOnlyForDeploymentPostprocessing = 0;
			shellPath = /bin/sh;
			shellScript = "diff \"${PODS_PODFILE_DIR_PATH}/Podfile.lock\" \"${PODS_ROOT}/Manifest.lock\" > /dev/null\nif [ $? != 0 ] ; then\n    # print error to STDERR\n    echo \"error: The sandbox is not in sync with the Podfile.lock. Run 'pod install' or update your CocoaPods installation.\" >&2\n    exit 1\nfi\n# This output is used by Xcode 'outputs' to avoid re-running this script phase.\necho \"SUCCESS\" > \"${SCRIPT_OUTPUT_FILE_0}\"\n";
			showEnvVarsInLog = 0;
		};
/* End PBXShellScriptBuildPhase section */

/* Begin PBXSourcesBuildPhase section */
		7F94149821DE4E6D00F0EF50 /* Sources */ = {
			isa = PBXSourcesBuildPhase;
			buildActionMask = 2147483647;
			files = (
				7F496FB921E1256500BE50C2 /* MyFavoriteMovies.xcdatamodeld in Sources */,
				7F9414B221DE502500F0EF50 /* ShowMoviesVC.swift in Sources */,
				7FCFECC421E0AE6E009CA6C8 /* SingleMovieVC.swift in Sources */,
				7F496FB621E106F000BE50C2 /* FavoriteMoviesTVC.swift in Sources */,
				7F496FB421E0D60300BE50C2 /* favoriteMovies.swift in Sources */,
				7F9414A021DE4E6E00F0EF50 /* AppDelegate.swift in Sources */,
				7FC6655221DF59230042D424 /* MovieTVC.swift in Sources */,
			);
			runOnlyForDeploymentPostprocessing = 0;
		};
/* End PBXSourcesBuildPhase section */

/* Begin PBXVariantGroup section */
		7F9414A321DE4E6E00F0EF50 /* Main.storyboard */ = {
			isa = PBXVariantGroup;
			children = (
				7F9414A421DE4E6E00F0EF50 /* Base */,
			);
			name = Main.storyboard;
			sourceTree = "<group>";
		};
		7F9414A821DE4E6F00F0EF50 /* LaunchScreen.storyboard */ = {
			isa = PBXVariantGroup;
			children = (
				7F9414A921DE4E6F00F0EF50 /* Base */,
			);
			name = LaunchScreen.storyboard;
			sourceTree = "<group>";
		};
/* End PBXVariantGroup section */

/* Begin XCBuildConfiguration section */
		7F9414AC21DE4E6F00F0EF50 /* Debug */ = {
			isa = XCBuildConfiguration;
			buildSettings = {
				ALWAYS_SEARCH_USER_PATHS = NO;
				CLANG_ANALYZER_NONNULL = YES;
				CLANG_ANALYZER_NUMBER_OBJECT_CONVERSION = YES_AGGRESSIVE;
				CLANG_CXX_LANGUAGE_STANDARD = "gnu++14";
				CLANG_CXX_LIBRARY = "libc++";
				CLANG_ENABLE_MODULES = YES;
				CLANG_ENABLE_OBJC_ARC = YES;
				CLANG_ENABLE_OBJC_WEAK = YES;
				CLANG_WARN_BLOCK_CAPTURE_AUTORELEASING = YES;
				CLANG_WARN_BOOL_CONVERSION = YES;
				CLANG_WARN_COMMA = YES;
				CLANG_WARN_CONSTANT_CONVERSION = YES;
				CLANG_WARN_DEPRECATED_OBJC_IMPLEMENTATIONS = YES;
				CLANG_WARN_DIRECT_OBJC_ISA_USAGE = YES_ERROR;
				CLANG_WARN_DOCUMENTATION_COMMENTS = YES;
				CLANG_WARN_EMPTY_BODY = YES;
				CLANG_WARN_ENUM_CONVERSION = YES;
				CLANG_WARN_INFINITE_RECURSION = YES;
				CLANG_WARN_INT_CONVERSION = YES;
				CLANG_WARN_NON_LITERAL_NULL_CONVERSION = YES;
				CLANG_WARN_OBJC_IMPLICIT_RETAIN_SELF = YES;
				CLANG_WARN_OBJC_LITERAL_CONVERSION = YES;
				CLANG_WARN_OBJC_ROOT_CLASS = YES_ERROR;
				CLANG_WARN_RANGE_LOOP_ANALYSIS = YES;
				CLANG_WARN_STRICT_PROTOTYPES = YES;
				CLANG_WARN_SUSPICIOUS_MOVE = YES;
				CLANG_WARN_UNGUARDED_AVAILABILITY = YES_AGGRESSIVE;
				CLANG_WARN_UNREACHABLE_CODE = YES;
				CLANG_WARN__DUPLICATE_METHOD_MATCH = YES;
				CODE_SIGN_IDENTITY = "iPhone Developer";
				COPY_PHASE_STRIP = NO;
				DEBUG_INFORMATION_FORMAT = dwarf;
				ENABLE_STRICT_OBJC_MSGSEND = YES;
				ENABLE_TESTABILITY = YES;
				GCC_C_LANGUAGE_STANDARD = gnu11;
				GCC_DYNAMIC_NO_PIC = NO;
				GCC_NO_COMMON_BLOCKS = YES;
				GCC_OPTIMIZATION_LEVEL = 0;
				GCC_PREPROCESSOR_DEFINITIONS = (
					"DEBUG=1",
					"$(inherited)",
				);
				GCC_WARN_64_TO_32_BIT_CONVERSION = YES;
				GCC_WARN_ABOUT_RETURN_TYPE = YES_ERROR;
				GCC_WARN_UNDECLARED_SELECTOR = YES;
				GCC_WARN_UNINITIALIZED_AUTOS = YES_AGGRESSIVE;
				GCC_WARN_UNUSED_FUNCTION = YES;
				GCC_WARN_UNUSED_VARIABLE = YES;
				IPHONEOS_DEPLOYMENT_TARGET = 11.4;
				MTL_ENABLE_DEBUG_INFO = YES;
				ONLY_ACTIVE_ARCH = YES;
				SDKROOT = iphoneos;
				SWIFT_ACTIVE_COMPILATION_CONDITIONS = DEBUG;
				SWIFT_OPTIMIZATION_LEVEL = "-Onone";
			};
			name = Debug;
		};
		7F9414AD21DE4E6F00F0EF50 /* Release */ = {
			isa = XCBuildConfiguration;
			buildSettings = {
				ALWAYS_SEARCH_USER_PATHS = NO;
				CLANG_ANALYZER_NONNULL = YES;
				CLANG_ANALYZER_NUMBER_OBJECT_CONVERSION = YES_AGGRESSIVE;
				CLANG_CXX_LANGUAGE_STANDARD = "gnu++14";
				CLANG_CXX_LIBRARY = "libc++";
				CLANG_ENABLE_MODULES = YES;
				CLANG_ENABLE_OBJC_ARC = YES;
				CLANG_ENABLE_OBJC_WEAK = YES;
				CLANG_WARN_BLOCK_CAPTURE_AUTORELEASING = YES;
				CLANG_WARN_BOOL_CONVERSION = YES;
				CLANG_WARN_COMMA = YES;
				CLANG_WARN_CONSTANT_CONVERSION = YES;
				CLANG_WARN_DEPRECATED_OBJC_IMPLEMENTATIONS = YES;
				CLANG_WARN_DIRECT_OBJC_ISA_USAGE = YES_ERROR;
				CLANG_WARN_DOCUMENTATION_COMMENTS = YES;
				CLANG_WARN_EMPTY_BODY = YES;
				CLANG_WARN_ENUM_CONVERSION = YES;
				CLANG_WARN_INFINITE_RECURSION = YES;
				CLANG_WARN_INT_CONVERSION = YES;
				CLANG_WARN_NON_LITERAL_NULL_CONVERSION = YES;
				CLANG_WARN_OBJC_IMPLICIT_RETAIN_SELF = YES;
				CLANG_WARN_OBJC_LITERAL_CONVERSION = YES;
				CLANG_WARN_OBJC_ROOT_CLASS = YES_ERROR;
				CLANG_WARN_RANGE_LOOP_ANALYSIS = YES;
				CLANG_WARN_STRICT_PROTOTYPES = YES;
				CLANG_WARN_SUSPICIOUS_MOVE = YES;
				CLANG_WARN_UNGUARDED_AVAILABILITY = YES_AGGRESSIVE;
				CLANG_WARN_UNREACHABLE_CODE = YES;
				CLANG_WARN__DUPLICATE_METHOD_MATCH = YES;
				CODE_SIGN_IDENTITY = "iPhone Developer";
				COPY_PHASE_STRIP = NO;
				DEBUG_INFORMATION_FORMAT = "dwarf-with-dsym";
				ENABLE_NS_ASSERTIONS = NO;
				ENABLE_STRICT_OBJC_MSGSEND = YES;
				GCC_C_LANGUAGE_STANDARD = gnu11;
				GCC_NO_COMMON_BLOCKS = YES;
				GCC_WARN_64_TO_32_BIT_CONVERSION = YES;
				GCC_WARN_ABOUT_RETURN_TYPE = YES_ERROR;
				GCC_WARN_UNDECLARED_SELECTOR = YES;
				GCC_WARN_UNINITIALIZED_AUTOS = YES_AGGRESSIVE;
				GCC_WARN_UNUSED_FUNCTION = YES;
				GCC_WARN_UNUSED_VARIABLE = YES;
				IPHONEOS_DEPLOYMENT_TARGET = 11.4;
				MTL_ENABLE_DEBUG_INFO = NO;
				SDKROOT = iphoneos;
				SWIFT_COMPILATION_MODE = wholemodule;
				SWIFT_OPTIMIZATION_LEVEL = "-O";
				VALIDATE_PRODUCT = YES;
			};
			name = Release;
		};
		7F9414AF21DE4E6F00F0EF50 /* Debug */ = {
			isa = XCBuildConfiguration;
			baseConfigurationReference = E5F2FCD08DEDFD33968CD161 /* Pods-ShowMovies.debug.xcconfig */;
			buildSettings = {
				ASSETCATALOG_COMPILER_APPICON_NAME = AppIcon;
				CODE_SIGN_STYLE = Automatic;
				INFOPLIST_FILE = ShowMovies/Info.plist;
				LD_RUNPATH_SEARCH_PATHS = (
					"$(inherited)",
					"@executable_path/Frameworks",
				);
				PRODUCT_BUNDLE_IDENTIFIER = islam.ShowMovies;
				PRODUCT_NAME = "$(TARGET_NAME)";
				SWIFT_VERSION = 4.0;
				TARGETED_DEVICE_FAMILY = "1,2";
			};
			name = Debug;
		};
		7F9414B021DE4E6F00F0EF50 /* Release */ = {
			isa = XCBuildConfiguration;
			baseConfigurationReference = A1AD4CB6CDF09A58778FFEA8 /* Pods-ShowMovies.release.xcconfig */;
			buildSettings = {
				ASSETCATALOG_COMPILER_APPICON_NAME = AppIcon;
				CODE_SIGN_STYLE = Automatic;
				INFOPLIST_FILE = ShowMovies/Info.plist;
				LD_RUNPATH_SEARCH_PATHS = (
					"$(inherited)",
					"@executable_path/Frameworks",
				);
				PRODUCT_BUNDLE_IDENTIFIER = islam.ShowMovies;
				PRODUCT_NAME = "$(TARGET_NAME)";
				SWIFT_VERSION = 4.0;
				TARGETED_DEVICE_FAMILY = "1,2";
			};
			name = Release;
		};
/* End XCBuildConfiguration section */

/* Begin XCConfigurationList section */
		7F94149721DE4E6D00F0EF50 /* Build configuration list for PBXProject "ShowMovies" */ = {
			isa = XCConfigurationList;
			buildConfigurations = (
				7F9414AC21DE4E6F00F0EF50 /* Debug */,
				7F9414AD21DE4E6F00F0EF50 /* Release */,
			);
			defaultConfigurationIsVisible = 0;
			defaultConfigurationName = Release;
		};
		7F9414AE21DE4E6F00F0EF50 /* Build configuration list for PBXNativeTarget "ShowMovies" */ = {
			isa = XCConfigurationList;
			buildConfigurations = (
				7F9414AF21DE4E6F00F0EF50 /* Debug */,
				7F9414B021DE4E6F00F0EF50 /* Release */,
			);
			defaultConfigurationIsVisible = 0;
			defaultConfigurationName = Release;
		};
/* End XCConfigurationList section */

/* Begin XCVersionGroup section */
		7F496FB721E1256500BE50C2 /* MyFavoriteMovies.xcdatamodeld */ = {
			isa = XCVersionGroup;
			children = (
				7F496FB821E1256500BE50C2 /* MyFavoriteMovies.xcdatamodel */,
			);
			currentVersion = 7F496FB821E1256500BE50C2 /* MyFavoriteMovies.xcdatamodel */;
			path = MyFavoriteMovies.xcdatamodeld;
			sourceTree = "<group>";
			versionGroupType = wrapper.xcdatamodel;
		};
/* End XCVersionGroup section */
	};
	rootObject = 7F94149421DE4E6D00F0EF50 /* Project object */;
}
